
Microsoft Visual Studio Solution File, Format Version 12.00
# Visual Studio 14
VisualStudioVersion = 14.0.25123.0
MinimumVisualStudioVersion = 10.0.40219.1
Project("{FAE04EC0-301F-11D3-BF4B-00C04F79EFBC}") = "task1", "task1\task1.csproj", "{428CE842-060D-4FCA-9AFA-DDB2AEA212B5}"
EndProject
Project("{FAE04EC0-301F-11D3-BF4B-00C04F79EFBC}") = "StringFunction", "StringFunction\StringFunction.csproj", "{37419A8D-E251-4D48-9A5E-EE42A443C148}"
EndProject
Project("{FAE04EC0-301F-11D3-BF4B-00C04F79EFBC}") = "ReadFiles", "ReadFiles\ReadFiles.csproj", "{3850C191-0844-44EF-82BC-AF2D423084A4}"
EndProject
Project("{FAE04EC0-301F-11D3-BF4B-00C04F79EFBC}") = "task2", "task2\task2.csproj", "{02153C08-79B6-448A-B18C-13887B44F343}"
EndProject
Global
	GlobalSection(SolutionConfigurationPlatforms) = preSolution
		Debug|Any CPU = Debug|Any CPU
		Release|Any CPU = Release|Any CPU
	EndGlobalSection
	GlobalSection(ProjectConfigurationPlatforms) = postSolution
		{428CE842-060D-4FCA-9AFA-DDB2AEA212B5}.Debug|Any CPU.ActiveCfg = Debug|Any CPU
		{428CE842-060D-4FCA-9AFA-DDB2AEA212B5}.Debug|Any CPU.Build.0 = Debug|Any CPU
		{428CE842-060D-4FCA-9AFA-DDB2AEA212B5}.Release|Any CPU.ActiveCfg = Release|Any CPU
		{428CE842-060D-4FCA-9AFA-DDB2AEA212B5}.Release|Any CPU.Build.0 = Release|Any CPU
		{37419A8D-E251-4D48-9A5E-EE42A443C148}.Debug|Any CPU.ActiveCfg = Debug|Any CPU
		{37419A8D-E251-4D48-9A5E-EE42A443C148}.Debug|Any CPU.Build.0 = Debug|Any CPU
		{37419A8D-E251-4D48-9A5E-EE42A443C148}.Release|Any CPU.ActiveCfg = Release|Any CPU
		{37419A8D-E251-4D48-9A5E-EE42A443C148}.Release|Any CPU.Build.0 = Release|Any CPU
		{3850C191-0844-44EF-82BC-AF2D423084A4}.Debug|Any CPU.ActiveCfg = Debug|Any CPU
		{3850C191-0844-44EF-82BC-AF2D423084A4}.Debug|Any CPU.Build.0 = Debug|Any CPU
		{3850C191-0844-44EF-82BC-AF2D423084A4}.Release|Any CPU.ActiveCfg = Release|Any CPU
		{3850C191-0844-44EF-82BC-AF2D423084A4}.Release|Any CPU.Build.0 = Release|Any CPU
		{02153C08-79B6-448A-B18C-13887B44F343}.Debug|Any CPU.ActiveCfg = Debug|Any CPU
		{02153C08-79B6-448A-B18C-13887B44F343}.Debug|Any CPU.Build.0 = Debug|Any CPU
		{02153C08-79B6-448A-B18C-13887B44F343}.Release|Any CPU.ActiveCfg = Release|Any CPU
		{02153C08-79B6-448A-B18C-13887B44F343}.Release|Any CPU.Build.0 = Release|Any CPU
	EndGlobalSection
	GlobalSection(SolutionProperties) = preSolution
		HideSolutionNode = FALSE
	EndGlobalSection
EndGlobal
