
Microsoft Visual Studio Solution File, Format Version 12.00
# Visual Studio 2013
VisualStudioVersion = 12.0.31101.0
MinimumVisualStudioVersion = 10.0.40219.1
Project("{FAE04EC0-301F-11D3-BF4B-00C04F79EFBC}") = "LrTwo", "LrTwo\LrTwo.csproj", "{6307CC42-7F69-479A-AFC0-26CBA5D95047}"
EndProject
Project("{FAE04EC0-301F-11D3-BF4B-00C04F79EFBC}") = "task2", "task2\task2.csproj", "{7EC4B852-21F2-4454-BF04-20A5FDD9CE72}"
EndProject
Project("{FAE04EC0-301F-11D3-BF4B-00C04F79EFBC}") = "task4", "task4\task4.csproj", "{E49ACE08-9670-4787-A6A1-0309639767BF}"
EndProject
Project("{FAE04EC0-301F-11D3-BF4B-00C04F79EFBC}") = "task8", "task8\task8.csproj", "{1D0EF527-FE7F-461D-BDBC-3309A31EE568}"
EndProject
Project("{FAE04EC0-301F-11D3-BF4B-00C04F79EFBC}") = "task9", "task9\task9.csproj", "{672CFCE3-120C-4CFF-B1D8-E9549D979F58}"
EndProject
Project("{FAE04EC0-301F-11D3-BF4B-00C04F79EFBC}") = "task3", "task3\task3.csproj", "{CE8AB92B-FD9E-4151-968F-15B31B788298}"
EndProject
Project("{FAE04EC0-301F-11D3-BF4B-00C04F79EFBC}") = "task5", "task5\task5.csproj", "{A13FCBE5-84DD-49A8-900D-F28B7E796870}"
EndProject
Project("{FAE04EC0-301F-11D3-BF4B-00C04F79EFBC}") = "task6", "task6\task6.csproj", "{679BC4E3-59F9-4F2F-8BE7-E899F10C03C1}"
EndProject
Project("{FAE04EC0-301F-11D3-BF4B-00C04F79EFBC}") = "task7", "task7\task7.csproj", "{DD4FB070-15A7-443E-935F-12A4D9602DEC}"
EndProject
Project("{FAE04EC0-301F-11D3-BF4B-00C04F79EFBC}") = "task10", "task10\task10.csproj", "{16978652-2ABC-4216-968F-C237B88F87D3}"
EndProject
Project("{FAE04EC0-301F-11D3-BF4B-00C04F79EFBC}") = "task11", "task11\task11.csproj", "{9E87A755-C132-4767-9E71-DD80F2CBE4A8}"
EndProject
Project("{FAE04EC0-301F-11D3-BF4B-00C04F79EFBC}") = "task12", "task12\task12.csproj", "{A2C55538-0F4C-4628-846C-6AF07A3FD18B}"
EndProject
Project("{FAE04EC0-301F-11D3-BF4B-00C04F79EFBC}") = "task13", "task13\task13.csproj", "{27184BF5-A358-48DE-930B-AABD420E624F}"
EndProject
Project("{FAE04EC0-301F-11D3-BF4B-00C04F79EFBC}") = "task14", "task14\task14.csproj", "{3ADC4BC3-8C38-4176-8E82-DCB6C91DD928}"
EndProject
Project("{FAE04EC0-301F-11D3-BF4B-00C04F79EFBC}") = "task15", "task15\task15.csproj", "{23D00BBE-4A05-40B6-9E39-F372138420B0}"
EndProject
Project("{FAE04EC0-301F-11D3-BF4B-00C04F79EFBC}") = "task16", "task16\task16.csproj", "{70D3CE83-15FC-4906-BB8B-7BBDFA5DA335}"
EndProject
Project("{FAE04EC0-301F-11D3-BF4B-00C04F79EFBC}") = "UnitTestProject1", "UnitTestProject1\UnitTestProject1.csproj", "{2992179F-EDA8-4B44-9CBC-3A349327DF4B}"
EndProject
Global
	GlobalSection(SolutionConfigurationPlatforms) = preSolution
		Debug|Any CPU = Debug|Any CPU
		Release|Any CPU = Release|Any CPU
	EndGlobalSection
	GlobalSection(ProjectConfigurationPlatforms) = postSolution
		{6307CC42-7F69-479A-AFC0-26CBA5D95047}.Debug|Any CPU.ActiveCfg = Debug|Any CPU
		{6307CC42-7F69-479A-AFC0-26CBA5D95047}.Debug|Any CPU.Build.0 = Debug|Any CPU
		{6307CC42-7F69-479A-AFC0-26CBA5D95047}.Release|Any CPU.ActiveCfg = Release|Any CPU
		{6307CC42-7F69-479A-AFC0-26CBA5D95047}.Release|Any CPU.Build.0 = Release|Any CPU
		{7EC4B852-21F2-4454-BF04-20A5FDD9CE72}.Debug|Any CPU.ActiveCfg = Debug|Any CPU
		{7EC4B852-21F2-4454-BF04-20A5FDD9CE72}.Debug|Any CPU.Build.0 = Debug|Any CPU
		{7EC4B852-21F2-4454-BF04-20A5FDD9CE72}.Release|Any CPU.ActiveCfg = Release|Any CPU
		{7EC4B852-21F2-4454-BF04-20A5FDD9CE72}.Release|Any CPU.Build.0 = Release|Any CPU
		{E49ACE08-9670-4787-A6A1-0309639767BF}.Debug|Any CPU.ActiveCfg = Debug|Any CPU
		{E49ACE08-9670-4787-A6A1-0309639767BF}.Debug|Any CPU.Build.0 = Debug|Any CPU
		{E49ACE08-9670-4787-A6A1-0309639767BF}.Release|Any CPU.ActiveCfg = Release|Any CPU
		{E49ACE08-9670-4787-A6A1-0309639767BF}.Release|Any CPU.Build.0 = Release|Any CPU
		{1D0EF527-FE7F-461D-BDBC-3309A31EE568}.Debug|Any CPU.ActiveCfg = Debug|Any CPU
		{1D0EF527-FE7F-461D-BDBC-3309A31EE568}.Debug|Any CPU.Build.0 = Debug|Any CPU
		{1D0EF527-FE7F-461D-BDBC-3309A31EE568}.Release|Any CPU.ActiveCfg = Release|Any CPU
		{1D0EF527-FE7F-461D-BDBC-3309A31EE568}.Release|Any CPU.Build.0 = Release|Any CPU
		{672CFCE3-120C-4CFF-B1D8-E9549D979F58}.Debug|Any CPU.ActiveCfg = Debug|Any CPU
		{672CFCE3-120C-4CFF-B1D8-E9549D979F58}.Debug|Any CPU.Build.0 = Debug|Any CPU
		{672CFCE3-120C-4CFF-B1D8-E9549D979F58}.Release|Any CPU.ActiveCfg = Release|Any CPU
		{672CFCE3-120C-4CFF-B1D8-E9549D979F58}.Release|Any CPU.Build.0 = Release|Any CPU
		{CE8AB92B-FD9E-4151-968F-15B31B788298}.Debug|Any CPU.ActiveCfg = Debug|Any CPU
		{CE8AB92B-FD9E-4151-968F-15B31B788298}.Debug|Any CPU.Build.0 = Debug|Any CPU
		{CE8AB92B-FD9E-4151-968F-15B31B788298}.Release|Any CPU.ActiveCfg = Release|Any CPU
		{CE8AB92B-FD9E-4151-968F-15B31B788298}.Release|Any CPU.Build.0 = Release|Any CPU
		{A13FCBE5-84DD-49A8-900D-F28B7E796870}.Debug|Any CPU.ActiveCfg = Debug|Any CPU
		{A13FCBE5-84DD-49A8-900D-F28B7E796870}.Debug|Any CPU.Build.0 = Debug|Any CPU
		{A13FCBE5-84DD-49A8-900D-F28B7E796870}.Release|Any CPU.ActiveCfg = Release|Any CPU
		{A13FCBE5-84DD-49A8-900D-F28B7E796870}.Release|Any CPU.Build.0 = Release|Any CPU
		{679BC4E3-59F9-4F2F-8BE7-E899F10C03C1}.Debug|Any CPU.ActiveCfg = Debug|Any CPU
		{679BC4E3-59F9-4F2F-8BE7-E899F10C03C1}.Debug|Any CPU.Build.0 = Debug|Any CPU
		{679BC4E3-59F9-4F2F-8BE7-E899F10C03C1}.Release|Any CPU.ActiveCfg = Release|Any CPU
		{679BC4E3-59F9-4F2F-8BE7-E899F10C03C1}.Release|Any CPU.Build.0 = Release|Any CPU
		{DD4FB070-15A7-443E-935F-12A4D9602DEC}.Debug|Any CPU.ActiveCfg = Debug|Any CPU
		{DD4FB070-15A7-443E-935F-12A4D9602DEC}.Debug|Any CPU.Build.0 = Debug|Any CPU
		{DD4FB070-15A7-443E-935F-12A4D9602DEC}.Release|Any CPU.ActiveCfg = Release|Any CPU
		{DD4FB070-15A7-443E-935F-12A4D9602DEC}.Release|Any CPU.Build.0 = Release|Any CPU
		{16978652-2ABC-4216-968F-C237B88F87D3}.Debug|Any CPU.ActiveCfg = Debug|Any CPU
		{16978652-2ABC-4216-968F-C237B88F87D3}.Debug|Any CPU.Build.0 = Debug|Any CPU
		{16978652-2ABC-4216-968F-C237B88F87D3}.Release|Any CPU.ActiveCfg = Release|Any CPU
		{16978652-2ABC-4216-968F-C237B88F87D3}.Release|Any CPU.Build.0 = Release|Any CPU
		{9E87A755-C132-4767-9E71-DD80F2CBE4A8}.Debug|Any CPU.ActiveCfg = Debug|Any CPU
		{9E87A755-C132-4767-9E71-DD80F2CBE4A8}.Debug|Any CPU.Build.0 = Debug|Any CPU
		{9E87A755-C132-4767-9E71-DD80F2CBE4A8}.Release|Any CPU.ActiveCfg = Release|Any CPU
		{9E87A755-C132-4767-9E71-DD80F2CBE4A8}.Release|Any CPU.Build.0 = Release|Any CPU
		{A2C55538-0F4C-4628-846C-6AF07A3FD18B}.Debug|Any CPU.ActiveCfg = Debug|Any CPU
		{A2C55538-0F4C-4628-846C-6AF07A3FD18B}.Debug|Any CPU.Build.0 = Debug|Any CPU
		{A2C55538-0F4C-4628-846C-6AF07A3FD18B}.Release|Any CPU.ActiveCfg = Release|Any CPU
		{A2C55538-0F4C-4628-846C-6AF07A3FD18B}.Release|Any CPU.Build.0 = Release|Any CPU
		{27184BF5-A358-48DE-930B-AABD420E624F}.Debug|Any CPU.ActiveCfg = Debug|Any CPU
		{27184BF5-A358-48DE-930B-AABD420E624F}.Debug|Any CPU.Build.0 = Debug|Any CPU
		{27184BF5-A358-48DE-930B-AABD420E624F}.Release|Any CPU.ActiveCfg = Release|Any CPU
		{27184BF5-A358-48DE-930B-AABD420E624F}.Release|Any CPU.Build.0 = Release|Any CPU
		{3ADC4BC3-8C38-4176-8E82-DCB6C91DD928}.Debug|Any CPU.ActiveCfg = Debug|Any CPU
		{3ADC4BC3-8C38-4176-8E82-DCB6C91DD928}.Debug|Any CPU.Build.0 = Debug|Any CPU
		{3ADC4BC3-8C38-4176-8E82-DCB6C91DD928}.Release|Any CPU.ActiveCfg = Release|Any CPU
		{3ADC4BC3-8C38-4176-8E82-DCB6C91DD928}.Release|Any CPU.Build.0 = Release|Any CPU
		{23D00BBE-4A05-40B6-9E39-F372138420B0}.Debug|Any CPU.ActiveCfg = Debug|Any CPU
		{23D00BBE-4A05-40B6-9E39-F372138420B0}.Debug|Any CPU.Build.0 = Debug|Any CPU
		{23D00BBE-4A05-40B6-9E39-F372138420B0}.Release|Any CPU.ActiveCfg = Release|Any CPU
		{23D00BBE-4A05-40B6-9E39-F372138420B0}.Release|Any CPU.Build.0 = Release|Any CPU
		{70D3CE83-15FC-4906-BB8B-7BBDFA5DA335}.Debug|Any CPU.ActiveCfg = Debug|Any CPU
		{70D3CE83-15FC-4906-BB8B-7BBDFA5DA335}.Debug|Any CPU.Build.0 = Debug|Any CPU
		{70D3CE83-15FC-4906-BB8B-7BBDFA5DA335}.Release|Any CPU.ActiveCfg = Release|Any CPU
		{70D3CE83-15FC-4906-BB8B-7BBDFA5DA335}.Release|Any CPU.Build.0 = Release|Any CPU
		{2992179F-EDA8-4B44-9CBC-3A349327DF4B}.Debug|Any CPU.ActiveCfg = Debug|Any CPU
		{2992179F-EDA8-4B44-9CBC-3A349327DF4B}.Debug|Any CPU.Build.0 = Debug|Any CPU
		{2992179F-EDA8-4B44-9CBC-3A349327DF4B}.Release|Any CPU.ActiveCfg = Release|Any CPU
		{2992179F-EDA8-4B44-9CBC-3A349327DF4B}.Release|Any CPU.Build.0 = Release|Any CPU
	EndGlobalSection
	GlobalSection(SolutionProperties) = preSolution
		HideSolutionNode = FALSE
	EndGlobalSection
EndGlobal
