
Microsoft Visual Studio Solution File, Format Version 12.00
# Visual Studio 14
VisualStudioVersion = 14.0.25123.0
MinimumVisualStudioVersion = 10.0.40219.1
Project("{FAE04EC0-301F-11D3-BF4B-00C04F79EFBC}") = "task01", "task01\task01.csproj", "{00EF485D-B8BF-45E3-AB99-209605CBC6AD}"
EndProject
Project("{FAE04EC0-301F-11D3-BF4B-00C04F79EFBC}") = "task2", "task2\task2.csproj", "{30BACF9B-C8A6-4AD5-885D-491FF9F45B2D}"
EndProject
Project("{FAE04EC0-301F-11D3-BF4B-00C04F79EFBC}") = "task3", "task3\task3.csproj", "{4DFD70A1-47A2-44B1-AF9D-DF475EE3F361}"
EndProject
Project("{FAE04EC0-301F-11D3-BF4B-00C04F79EFBC}") = "task4", "task4\task4.csproj", "{4FAADEF0-AE73-4469-85CF-5C26A3A698AB}"
EndProject
Project("{FAE04EC0-301F-11D3-BF4B-00C04F79EFBC}") = "task6", "task6\task6.csproj", "{9EE17531-78B0-4A53-93DD-929E1D2F0D11}"
EndProject
Project("{FAE04EC0-301F-11D3-BF4B-00C04F79EFBC}") = "task8", "task8\task8.csproj", "{2AA915D0-FD32-4631-B270-9EF4174B47FB}"
EndProject
Project("{FAE04EC0-301F-11D3-BF4B-00C04F79EFBC}") = "task10", "task10\task10.csproj", "{0FD0EA81-110E-4AEA-9159-CB43EEEF9275}"
EndProject
Project("{FAE04EC0-301F-11D3-BF4B-00C04F79EFBC}") = "task5", "task5\task5.csproj", "{3C133E5F-CDE0-4818-AA55-2AF6F8085C8D}"
EndProject
Project("{FAE04EC0-301F-11D3-BF4B-00C04F79EFBC}") = "task7", "task7\task7.csproj", "{EF90DA4C-2983-4776-80E2-2D23FC0F3581}"
EndProject
Project("{FAE04EC0-301F-11D3-BF4B-00C04F79EFBC}") = "test", "test\test.csproj", "{5FFB568E-02AB-41BF-A777-EAD9D30C4727}"
EndProject
Project("{FAE04EC0-301F-11D3-BF4B-00C04F79EFBC}") = "task9", "task9\task9.csproj", "{B8D7D423-22C3-4E4F-883E-141CF400D4C0}"
EndProject
Project("{FAE04EC0-301F-11D3-BF4B-00C04F79EFBC}") = "task11", "task11\task11.csproj", "{42EC1C07-219A-485B-81F5-960A38634E58}"
EndProject
Project("{FAE04EC0-301F-11D3-BF4B-00C04F79EFBC}") = "task12", "task12\task12.csproj", "{CAF4F738-0BAF-4473-9093-04FB525BD18D}"
EndProject
Project("{FAE04EC0-301F-11D3-BF4B-00C04F79EFBC}") = "task13", "task13\task13.csproj", "{75BC56D8-1D19-443D-95B8-30F746796EB6}"
EndProject
Project("{FAE04EC0-301F-11D3-BF4B-00C04F79EFBC}") = "task14", "task15\task14.csproj", "{061C25D5-9A16-4C45-988E-BF443E723A39}"
EndProject
Project("{FAE04EC0-301F-11D3-BF4B-00C04F79EFBC}") = "task15", "..\task15\task15\task15.csproj", "{755A634A-8971-4752-9A1C-9F866FF8ED9B}"
EndProject
Project("{FAE04EC0-301F-11D3-BF4B-00C04F79EFBC}") = "task16", "task16\task16.csproj", "{6FFBC9F5-B791-46F3-BB31-C542EA725197}"
EndProject
Global
	GlobalSection(SolutionConfigurationPlatforms) = preSolution
		Debug|Any CPU = Debug|Any CPU
		Release|Any CPU = Release|Any CPU
	EndGlobalSection
	GlobalSection(ProjectConfigurationPlatforms) = postSolution
		{00EF485D-B8BF-45E3-AB99-209605CBC6AD}.Debug|Any CPU.ActiveCfg = Debug|Any CPU
		{00EF485D-B8BF-45E3-AB99-209605CBC6AD}.Debug|Any CPU.Build.0 = Debug|Any CPU
		{00EF485D-B8BF-45E3-AB99-209605CBC6AD}.Release|Any CPU.ActiveCfg = Release|Any CPU
		{00EF485D-B8BF-45E3-AB99-209605CBC6AD}.Release|Any CPU.Build.0 = Release|Any CPU
		{30BACF9B-C8A6-4AD5-885D-491FF9F45B2D}.Debug|Any CPU.ActiveCfg = Debug|Any CPU
		{30BACF9B-C8A6-4AD5-885D-491FF9F45B2D}.Debug|Any CPU.Build.0 = Debug|Any CPU
		{30BACF9B-C8A6-4AD5-885D-491FF9F45B2D}.Release|Any CPU.ActiveCfg = Release|Any CPU
		{30BACF9B-C8A6-4AD5-885D-491FF9F45B2D}.Release|Any CPU.Build.0 = Release|Any CPU
		{4DFD70A1-47A2-44B1-AF9D-DF475EE3F361}.Debug|Any CPU.ActiveCfg = Debug|Any CPU
		{4DFD70A1-47A2-44B1-AF9D-DF475EE3F361}.Debug|Any CPU.Build.0 = Debug|Any CPU
		{4DFD70A1-47A2-44B1-AF9D-DF475EE3F361}.Release|Any CPU.ActiveCfg = Release|Any CPU
		{4DFD70A1-47A2-44B1-AF9D-DF475EE3F361}.Release|Any CPU.Build.0 = Release|Any CPU
		{4FAADEF0-AE73-4469-85CF-5C26A3A698AB}.Debug|Any CPU.ActiveCfg = Debug|Any CPU
		{4FAADEF0-AE73-4469-85CF-5C26A3A698AB}.Debug|Any CPU.Build.0 = Debug|Any CPU
		{4FAADEF0-AE73-4469-85CF-5C26A3A698AB}.Release|Any CPU.ActiveCfg = Release|Any CPU
		{4FAADEF0-AE73-4469-85CF-5C26A3A698AB}.Release|Any CPU.Build.0 = Release|Any CPU
		{9EE17531-78B0-4A53-93DD-929E1D2F0D11}.Debug|Any CPU.ActiveCfg = Debug|Any CPU
		{9EE17531-78B0-4A53-93DD-929E1D2F0D11}.Debug|Any CPU.Build.0 = Debug|Any CPU
		{9EE17531-78B0-4A53-93DD-929E1D2F0D11}.Release|Any CPU.ActiveCfg = Release|Any CPU
		{9EE17531-78B0-4A53-93DD-929E1D2F0D11}.Release|Any CPU.Build.0 = Release|Any CPU
		{2AA915D0-FD32-4631-B270-9EF4174B47FB}.Debug|Any CPU.ActiveCfg = Debug|Any CPU
		{2AA915D0-FD32-4631-B270-9EF4174B47FB}.Debug|Any CPU.Build.0 = Debug|Any CPU
		{2AA915D0-FD32-4631-B270-9EF4174B47FB}.Release|Any CPU.ActiveCfg = Release|Any CPU
		{2AA915D0-FD32-4631-B270-9EF4174B47FB}.Release|Any CPU.Build.0 = Release|Any CPU
		{0FD0EA81-110E-4AEA-9159-CB43EEEF9275}.Debug|Any CPU.ActiveCfg = Debug|Any CPU
		{0FD0EA81-110E-4AEA-9159-CB43EEEF9275}.Debug|Any CPU.Build.0 = Debug|Any CPU
		{0FD0EA81-110E-4AEA-9159-CB43EEEF9275}.Release|Any CPU.ActiveCfg = Release|Any CPU
		{0FD0EA81-110E-4AEA-9159-CB43EEEF9275}.Release|Any CPU.Build.0 = Release|Any CPU
		{3C133E5F-CDE0-4818-AA55-2AF6F8085C8D}.Debug|Any CPU.ActiveCfg = Debug|Any CPU
		{3C133E5F-CDE0-4818-AA55-2AF6F8085C8D}.Debug|Any CPU.Build.0 = Debug|Any CPU
		{3C133E5F-CDE0-4818-AA55-2AF6F8085C8D}.Release|Any CPU.ActiveCfg = Release|Any CPU
		{3C133E5F-CDE0-4818-AA55-2AF6F8085C8D}.Release|Any CPU.Build.0 = Release|Any CPU
		{EF90DA4C-2983-4776-80E2-2D23FC0F3581}.Debug|Any CPU.ActiveCfg = Debug|Any CPU
		{EF90DA4C-2983-4776-80E2-2D23FC0F3581}.Debug|Any CPU.Build.0 = Debug|Any CPU
		{EF90DA4C-2983-4776-80E2-2D23FC0F3581}.Release|Any CPU.ActiveCfg = Release|Any CPU
		{EF90DA4C-2983-4776-80E2-2D23FC0F3581}.Release|Any CPU.Build.0 = Release|Any CPU
		{5FFB568E-02AB-41BF-A777-EAD9D30C4727}.Debug|Any CPU.ActiveCfg = Debug|Any CPU
		{5FFB568E-02AB-41BF-A777-EAD9D30C4727}.Debug|Any CPU.Build.0 = Debug|Any CPU
		{5FFB568E-02AB-41BF-A777-EAD9D30C4727}.Release|Any CPU.ActiveCfg = Release|Any CPU
		{5FFB568E-02AB-41BF-A777-EAD9D30C4727}.Release|Any CPU.Build.0 = Release|Any CPU
		{B8D7D423-22C3-4E4F-883E-141CF400D4C0}.Debug|Any CPU.ActiveCfg = Debug|Any CPU
		{B8D7D423-22C3-4E4F-883E-141CF400D4C0}.Debug|Any CPU.Build.0 = Debug|Any CPU
		{B8D7D423-22C3-4E4F-883E-141CF400D4C0}.Release|Any CPU.ActiveCfg = Release|Any CPU
		{B8D7D423-22C3-4E4F-883E-141CF400D4C0}.Release|Any CPU.Build.0 = Release|Any CPU
		{42EC1C07-219A-485B-81F5-960A38634E58}.Debug|Any CPU.ActiveCfg = Debug|Any CPU
		{42EC1C07-219A-485B-81F5-960A38634E58}.Debug|Any CPU.Build.0 = Debug|Any CPU
		{42EC1C07-219A-485B-81F5-960A38634E58}.Release|Any CPU.ActiveCfg = Release|Any CPU
		{42EC1C07-219A-485B-81F5-960A38634E58}.Release|Any CPU.Build.0 = Release|Any CPU
		{CAF4F738-0BAF-4473-9093-04FB525BD18D}.Debug|Any CPU.ActiveCfg = Debug|Any CPU
		{CAF4F738-0BAF-4473-9093-04FB525BD18D}.Debug|Any CPU.Build.0 = Debug|Any CPU
		{CAF4F738-0BAF-4473-9093-04FB525BD18D}.Release|Any CPU.ActiveCfg = Release|Any CPU
		{CAF4F738-0BAF-4473-9093-04FB525BD18D}.Release|Any CPU.Build.0 = Release|Any CPU
		{75BC56D8-1D19-443D-95B8-30F746796EB6}.Debug|Any CPU.ActiveCfg = Debug|Any CPU
		{75BC56D8-1D19-443D-95B8-30F746796EB6}.Debug|Any CPU.Build.0 = Debug|Any CPU
		{75BC56D8-1D19-443D-95B8-30F746796EB6}.Release|Any CPU.ActiveCfg = Release|Any CPU
		{75BC56D8-1D19-443D-95B8-30F746796EB6}.Release|Any CPU.Build.0 = Release|Any CPU
		{061C25D5-9A16-4C45-988E-BF443E723A39}.Debug|Any CPU.ActiveCfg = Debug|Any CPU
		{061C25D5-9A16-4C45-988E-BF443E723A39}.Debug|Any CPU.Build.0 = Debug|Any CPU
		{061C25D5-9A16-4C45-988E-BF443E723A39}.Release|Any CPU.ActiveCfg = Release|Any CPU
		{061C25D5-9A16-4C45-988E-BF443E723A39}.Release|Any CPU.Build.0 = Release|Any CPU
		{755A634A-8971-4752-9A1C-9F866FF8ED9B}.Debug|Any CPU.ActiveCfg = Debug|Any CPU
		{755A634A-8971-4752-9A1C-9F866FF8ED9B}.Debug|Any CPU.Build.0 = Debug|Any CPU
		{755A634A-8971-4752-9A1C-9F866FF8ED9B}.Release|Any CPU.ActiveCfg = Release|Any CPU
		{755A634A-8971-4752-9A1C-9F866FF8ED9B}.Release|Any CPU.Build.0 = Release|Any CPU
		{6FFBC9F5-B791-46F3-BB31-C542EA725197}.Debug|Any CPU.ActiveCfg = Debug|Any CPU
		{6FFBC9F5-B791-46F3-BB31-C542EA725197}.Debug|Any CPU.Build.0 = Debug|Any CPU
		{6FFBC9F5-B791-46F3-BB31-C542EA725197}.Release|Any CPU.ActiveCfg = Release|Any CPU
		{6FFBC9F5-B791-46F3-BB31-C542EA725197}.Release|Any CPU.Build.0 = Release|Any CPU
	EndGlobalSection
	GlobalSection(SolutionProperties) = preSolution
		HideSolutionNode = FALSE
	EndGlobalSection
EndGlobal
