
Microsoft Visual Studio Solution File, Format Version 12.00
# Visual Studio 14
VisualStudioVersion = 14.0.25123.0
MinimumVisualStudioVersion = 10.0.40219.1
Project("{FAE04EC0-301F-11D3-BF4B-00C04F79EFBC}") = "task1", "task1\task1.csproj", "{B46AA943-E6CC-4279-8F05-494A7E94A1D5}"
EndProject
Project("{FAE04EC0-301F-11D3-BF4B-00C04F79EFBC}") = "task4", "task4\task4.csproj", "{19A23BE4-6864-484B-8247-EFBDA87A3FF4}"
EndProject
Project("{FAE04EC0-301F-11D3-BF4B-00C04F79EFBC}") = "task5", "task5\task5.csproj", "{40052478-E721-4036-9830-C61466AEB41F}"
EndProject
Project("{FAE04EC0-301F-11D3-BF4B-00C04F79EFBC}") = "task8", "task8\task8.csproj", "{E174E644-F5BC-4786-950E-B2A2830C1A4B}"
EndProject
Project("{FAE04EC0-301F-11D3-BF4B-00C04F79EFBC}") = "task12", "task12\task12.csproj", "{83AB9228-7AC0-469A-AB30-58F5757B6669}"
EndProject
Project("{FAE04EC0-301F-11D3-BF4B-00C04F79EFBC}") = "task16", "task16\task16.csproj", "{2796FF80-0048-49D6-84CF-86989B199ED2}"
EndProject
Project("{FAE04EC0-301F-11D3-BF4B-00C04F79EFBC}") = "task18", "task18\task18.csproj", "{62AD1989-5011-4586-9C09-812819D28493}"
EndProject
Project("{FAE04EC0-301F-11D3-BF4B-00C04F79EFBC}") = "task2", "task2\task2.csproj", "{225C4167-DABB-4796-BC5E-F121C94B5D3E}"
EndProject
Project("{FAE04EC0-301F-11D3-BF4B-00C04F79EFBC}") = "task3", "task3\task3.csproj", "{AD426786-2768-470C-BDA9-2D1559341865}"
EndProject
Project("{FAE04EC0-301F-11D3-BF4B-00C04F79EFBC}") = "task6", "task6\task6.csproj", "{81853C2C-0EA7-4CD8-BC4D-E28556EEE7C7}"
EndProject
Project("{FAE04EC0-301F-11D3-BF4B-00C04F79EFBC}") = "task7", "task7\task7.csproj", "{815F4211-B032-458F-82D6-F48AC98616F2}"
EndProject
Project("{FAE04EC0-301F-11D3-BF4B-00C04F79EFBC}") = "task9", "task9\task9.csproj", "{6139EF97-A832-45FC-ACFF-D20A9A7A839D}"
EndProject
Project("{FAE04EC0-301F-11D3-BF4B-00C04F79EFBC}") = "task10", "task10\task10.csproj", "{EC5C9D22-AE26-4185-A330-F5AE1102BA0C}"
EndProject
Project("{FAE04EC0-301F-11D3-BF4B-00C04F79EFBC}") = "task11", "task11\task11.csproj", "{E011E28C-AC8F-4945-91D6-1EA579DC6AC0}"
EndProject
Project("{FAE04EC0-301F-11D3-BF4B-00C04F79EFBC}") = "task13", "task13\task13.csproj", "{C87CC5DC-5534-44D3-A748-FDCB95B32644}"
EndProject
Project("{FAE04EC0-301F-11D3-BF4B-00C04F79EFBC}") = "task14", "task14\task14.csproj", "{6BA299DF-3EF4-46E8-8F26-C7B6A8234A84}"
EndProject
Project("{FAE04EC0-301F-11D3-BF4B-00C04F79EFBC}") = "task15", "task15\task15.csproj", "{5B534A4E-AFCD-49D9-90EA-8F75048E2620}"
EndProject
Project("{FAE04EC0-301F-11D3-BF4B-00C04F79EFBC}") = "task17", "task17\task17.csproj", "{FD615127-CC11-41EE-A1DD-0F3DF5D27919}"
EndProject
Project("{FAE04EC0-301F-11D3-BF4B-00C04F79EFBC}") = "task19", "task19\task19.csproj", "{1E5C1A1F-D506-4AE4-B6F3-7372A8636E9E}"
EndProject
Project("{FAE04EC0-301F-11D3-BF4B-00C04F79EFBC}") = "task20", "task20\task20\task20.csproj", "{33E5CBCD-C2EE-4396-B00D-6943E82909F3}"
EndProject
Project("{FAE04EC0-301F-11D3-BF4B-00C04F79EFBC}") = "task21", "task21\task21.csproj", "{E2D6CD1F-4734-4857-9DA4-9F2286336FE0}"
EndProject
Project("{FAE04EC0-301F-11D3-BF4B-00C04F79EFBC}") = "task22", "task22\task22.csproj", "{657E029B-B60B-4E38-8543-109A82FA5B21}"
EndProject
Global
	GlobalSection(SolutionConfigurationPlatforms) = preSolution
		Debug|Any CPU = Debug|Any CPU
		Release|Any CPU = Release|Any CPU
	EndGlobalSection
	GlobalSection(ProjectConfigurationPlatforms) = postSolution
		{B46AA943-E6CC-4279-8F05-494A7E94A1D5}.Debug|Any CPU.ActiveCfg = Debug|Any CPU
		{B46AA943-E6CC-4279-8F05-494A7E94A1D5}.Debug|Any CPU.Build.0 = Debug|Any CPU
		{B46AA943-E6CC-4279-8F05-494A7E94A1D5}.Release|Any CPU.ActiveCfg = Release|Any CPU
		{B46AA943-E6CC-4279-8F05-494A7E94A1D5}.Release|Any CPU.Build.0 = Release|Any CPU
		{19A23BE4-6864-484B-8247-EFBDA87A3FF4}.Debug|Any CPU.ActiveCfg = Debug|Any CPU
		{19A23BE4-6864-484B-8247-EFBDA87A3FF4}.Debug|Any CPU.Build.0 = Debug|Any CPU
		{19A23BE4-6864-484B-8247-EFBDA87A3FF4}.Release|Any CPU.ActiveCfg = Release|Any CPU
		{19A23BE4-6864-484B-8247-EFBDA87A3FF4}.Release|Any CPU.Build.0 = Release|Any CPU
		{40052478-E721-4036-9830-C61466AEB41F}.Debug|Any CPU.ActiveCfg = Debug|Any CPU
		{40052478-E721-4036-9830-C61466AEB41F}.Debug|Any CPU.Build.0 = Debug|Any CPU
		{40052478-E721-4036-9830-C61466AEB41F}.Release|Any CPU.ActiveCfg = Release|Any CPU
		{40052478-E721-4036-9830-C61466AEB41F}.Release|Any CPU.Build.0 = Release|Any CPU
		{E174E644-F5BC-4786-950E-B2A2830C1A4B}.Debug|Any CPU.ActiveCfg = Debug|Any CPU
		{E174E644-F5BC-4786-950E-B2A2830C1A4B}.Debug|Any CPU.Build.0 = Debug|Any CPU
		{E174E644-F5BC-4786-950E-B2A2830C1A4B}.Release|Any CPU.ActiveCfg = Release|Any CPU
		{E174E644-F5BC-4786-950E-B2A2830C1A4B}.Release|Any CPU.Build.0 = Release|Any CPU
		{83AB9228-7AC0-469A-AB30-58F5757B6669}.Debug|Any CPU.ActiveCfg = Debug|Any CPU
		{83AB9228-7AC0-469A-AB30-58F5757B6669}.Debug|Any CPU.Build.0 = Debug|Any CPU
		{83AB9228-7AC0-469A-AB30-58F5757B6669}.Release|Any CPU.ActiveCfg = Release|Any CPU
		{83AB9228-7AC0-469A-AB30-58F5757B6669}.Release|Any CPU.Build.0 = Release|Any CPU
		{2796FF80-0048-49D6-84CF-86989B199ED2}.Debug|Any CPU.ActiveCfg = Debug|Any CPU
		{2796FF80-0048-49D6-84CF-86989B199ED2}.Debug|Any CPU.Build.0 = Debug|Any CPU
		{2796FF80-0048-49D6-84CF-86989B199ED2}.Release|Any CPU.ActiveCfg = Release|Any CPU
		{2796FF80-0048-49D6-84CF-86989B199ED2}.Release|Any CPU.Build.0 = Release|Any CPU
		{62AD1989-5011-4586-9C09-812819D28493}.Debug|Any CPU.ActiveCfg = Debug|Any CPU
		{62AD1989-5011-4586-9C09-812819D28493}.Debug|Any CPU.Build.0 = Debug|Any CPU
		{62AD1989-5011-4586-9C09-812819D28493}.Release|Any CPU.ActiveCfg = Release|Any CPU
		{62AD1989-5011-4586-9C09-812819D28493}.Release|Any CPU.Build.0 = Release|Any CPU
		{225C4167-DABB-4796-BC5E-F121C94B5D3E}.Debug|Any CPU.ActiveCfg = Debug|Any CPU
		{225C4167-DABB-4796-BC5E-F121C94B5D3E}.Debug|Any CPU.Build.0 = Debug|Any CPU
		{225C4167-DABB-4796-BC5E-F121C94B5D3E}.Release|Any CPU.ActiveCfg = Release|Any CPU
		{225C4167-DABB-4796-BC5E-F121C94B5D3E}.Release|Any CPU.Build.0 = Release|Any CPU
		{AD426786-2768-470C-BDA9-2D1559341865}.Debug|Any CPU.ActiveCfg = Debug|Any CPU
		{AD426786-2768-470C-BDA9-2D1559341865}.Debug|Any CPU.Build.0 = Debug|Any CPU
		{AD426786-2768-470C-BDA9-2D1559341865}.Release|Any CPU.ActiveCfg = Release|Any CPU
		{AD426786-2768-470C-BDA9-2D1559341865}.Release|Any CPU.Build.0 = Release|Any CPU
		{81853C2C-0EA7-4CD8-BC4D-E28556EEE7C7}.Debug|Any CPU.ActiveCfg = Debug|Any CPU
		{81853C2C-0EA7-4CD8-BC4D-E28556EEE7C7}.Debug|Any CPU.Build.0 = Debug|Any CPU
		{81853C2C-0EA7-4CD8-BC4D-E28556EEE7C7}.Release|Any CPU.ActiveCfg = Release|Any CPU
		{81853C2C-0EA7-4CD8-BC4D-E28556EEE7C7}.Release|Any CPU.Build.0 = Release|Any CPU
		{815F4211-B032-458F-82D6-F48AC98616F2}.Debug|Any CPU.ActiveCfg = Debug|Any CPU
		{815F4211-B032-458F-82D6-F48AC98616F2}.Debug|Any CPU.Build.0 = Debug|Any CPU
		{815F4211-B032-458F-82D6-F48AC98616F2}.Release|Any CPU.ActiveCfg = Release|Any CPU
		{815F4211-B032-458F-82D6-F48AC98616F2}.Release|Any CPU.Build.0 = Release|Any CPU
		{6139EF97-A832-45FC-ACFF-D20A9A7A839D}.Debug|Any CPU.ActiveCfg = Debug|Any CPU
		{6139EF97-A832-45FC-ACFF-D20A9A7A839D}.Debug|Any CPU.Build.0 = Debug|Any CPU
		{6139EF97-A832-45FC-ACFF-D20A9A7A839D}.Release|Any CPU.ActiveCfg = Release|Any CPU
		{6139EF97-A832-45FC-ACFF-D20A9A7A839D}.Release|Any CPU.Build.0 = Release|Any CPU
		{EC5C9D22-AE26-4185-A330-F5AE1102BA0C}.Debug|Any CPU.ActiveCfg = Debug|Any CPU
		{EC5C9D22-AE26-4185-A330-F5AE1102BA0C}.Debug|Any CPU.Build.0 = Debug|Any CPU
		{EC5C9D22-AE26-4185-A330-F5AE1102BA0C}.Release|Any CPU.ActiveCfg = Release|Any CPU
		{EC5C9D22-AE26-4185-A330-F5AE1102BA0C}.Release|Any CPU.Build.0 = Release|Any CPU
		{E011E28C-AC8F-4945-91D6-1EA579DC6AC0}.Debug|Any CPU.ActiveCfg = Debug|Any CPU
		{E011E28C-AC8F-4945-91D6-1EA579DC6AC0}.Debug|Any CPU.Build.0 = Debug|Any CPU
		{E011E28C-AC8F-4945-91D6-1EA579DC6AC0}.Release|Any CPU.ActiveCfg = Release|Any CPU
		{E011E28C-AC8F-4945-91D6-1EA579DC6AC0}.Release|Any CPU.Build.0 = Release|Any CPU
		{C87CC5DC-5534-44D3-A748-FDCB95B32644}.Debug|Any CPU.ActiveCfg = Debug|Any CPU
		{C87CC5DC-5534-44D3-A748-FDCB95B32644}.Debug|Any CPU.Build.0 = Debug|Any CPU
		{C87CC5DC-5534-44D3-A748-FDCB95B32644}.Release|Any CPU.ActiveCfg = Release|Any CPU
		{C87CC5DC-5534-44D3-A748-FDCB95B32644}.Release|Any CPU.Build.0 = Release|Any CPU
		{6BA299DF-3EF4-46E8-8F26-C7B6A8234A84}.Debug|Any CPU.ActiveCfg = Debug|Any CPU
		{6BA299DF-3EF4-46E8-8F26-C7B6A8234A84}.Debug|Any CPU.Build.0 = Debug|Any CPU
		{6BA299DF-3EF4-46E8-8F26-C7B6A8234A84}.Release|Any CPU.ActiveCfg = Release|Any CPU
		{6BA299DF-3EF4-46E8-8F26-C7B6A8234A84}.Release|Any CPU.Build.0 = Release|Any CPU
		{5B534A4E-AFCD-49D9-90EA-8F75048E2620}.Debug|Any CPU.ActiveCfg = Debug|Any CPU
		{5B534A4E-AFCD-49D9-90EA-8F75048E2620}.Debug|Any CPU.Build.0 = Debug|Any CPU
		{5B534A4E-AFCD-49D9-90EA-8F75048E2620}.Release|Any CPU.ActiveCfg = Release|Any CPU
		{5B534A4E-AFCD-49D9-90EA-8F75048E2620}.Release|Any CPU.Build.0 = Release|Any CPU
		{FD615127-CC11-41EE-A1DD-0F3DF5D27919}.Debug|Any CPU.ActiveCfg = Debug|Any CPU
		{FD615127-CC11-41EE-A1DD-0F3DF5D27919}.Debug|Any CPU.Build.0 = Debug|Any CPU
		{FD615127-CC11-41EE-A1DD-0F3DF5D27919}.Release|Any CPU.ActiveCfg = Release|Any CPU
		{FD615127-CC11-41EE-A1DD-0F3DF5D27919}.Release|Any CPU.Build.0 = Release|Any CPU
		{1E5C1A1F-D506-4AE4-B6F3-7372A8636E9E}.Debug|Any CPU.ActiveCfg = Debug|Any CPU
		{1E5C1A1F-D506-4AE4-B6F3-7372A8636E9E}.Debug|Any CPU.Build.0 = Debug|Any CPU
		{1E5C1A1F-D506-4AE4-B6F3-7372A8636E9E}.Release|Any CPU.ActiveCfg = Release|Any CPU
		{1E5C1A1F-D506-4AE4-B6F3-7372A8636E9E}.Release|Any CPU.Build.0 = Release|Any CPU
		{33E5CBCD-C2EE-4396-B00D-6943E82909F3}.Debug|Any CPU.ActiveCfg = Debug|Any CPU
		{33E5CBCD-C2EE-4396-B00D-6943E82909F3}.Debug|Any CPU.Build.0 = Debug|Any CPU
		{33E5CBCD-C2EE-4396-B00D-6943E82909F3}.Release|Any CPU.ActiveCfg = Release|Any CPU
		{33E5CBCD-C2EE-4396-B00D-6943E82909F3}.Release|Any CPU.Build.0 = Release|Any CPU
		{E2D6CD1F-4734-4857-9DA4-9F2286336FE0}.Debug|Any CPU.ActiveCfg = Debug|Any CPU
		{E2D6CD1F-4734-4857-9DA4-9F2286336FE0}.Debug|Any CPU.Build.0 = Debug|Any CPU
		{E2D6CD1F-4734-4857-9DA4-9F2286336FE0}.Release|Any CPU.ActiveCfg = Release|Any CPU
		{E2D6CD1F-4734-4857-9DA4-9F2286336FE0}.Release|Any CPU.Build.0 = Release|Any CPU
		{657E029B-B60B-4E38-8543-109A82FA5B21}.Debug|Any CPU.ActiveCfg = Debug|Any CPU
		{657E029B-B60B-4E38-8543-109A82FA5B21}.Debug|Any CPU.Build.0 = Debug|Any CPU
		{657E029B-B60B-4E38-8543-109A82FA5B21}.Release|Any CPU.ActiveCfg = Release|Any CPU
		{657E029B-B60B-4E38-8543-109A82FA5B21}.Release|Any CPU.Build.0 = Release|Any CPU
	EndGlobalSection
	GlobalSection(SolutionProperties) = preSolution
		HideSolutionNode = FALSE
	EndGlobalSection
EndGlobal
