
Microsoft Visual Studio Solution File, Format Version 10.00
# Visual C# Express 2008
Project("{FAE04EC0-301F-11D3-BF4B-00C04F79EFBC}") = "task16th", "task16th\task16th.csproj", "{86B7567A-733E-44FC-B423-8AC54D701B59}"
EndProject
Project("{FAE04EC0-301F-11D3-BF4B-00C04F79EFBC}") = "task17", "task17\task17.csproj", "{F6696664-7929-4441-BE93-C93B83CDBAE1}"
EndProject
Global
	GlobalSection(SolutionConfigurationPlatforms) = preSolution
		Debug|Any CPU = Debug|Any CPU
		Release|Any CPU = Release|Any CPU
	EndGlobalSection
	GlobalSection(ProjectConfigurationPlatforms) = postSolution
		{86B7567A-733E-44FC-B423-8AC54D701B59}.Debug|Any CPU.ActiveCfg = Debug|Any CPU
		{86B7567A-733E-44FC-B423-8AC54D701B59}.Debug|Any CPU.Build.0 = Debug|Any CPU
		{86B7567A-733E-44FC-B423-8AC54D701B59}.Release|Any CPU.ActiveCfg = Release|Any CPU
		{86B7567A-733E-44FC-B423-8AC54D701B59}.Release|Any CPU.Build.0 = Release|Any CPU
		{F6696664-7929-4441-BE93-C93B83CDBAE1}.Debug|Any CPU.ActiveCfg = Debug|Any CPU
		{F6696664-7929-4441-BE93-C93B83CDBAE1}.Debug|Any CPU.Build.0 = Debug|Any CPU
		{F6696664-7929-4441-BE93-C93B83CDBAE1}.Release|Any CPU.ActiveCfg = Release|Any CPU
		{F6696664-7929-4441-BE93-C93B83CDBAE1}.Release|Any CPU.Build.0 = Release|Any CPU
	EndGlobalSection
	GlobalSection(SolutionProperties) = preSolution
		HideSolutionNode = FALSE
	EndGlobalSection
EndGlobal
