
Microsoft Visual Studio Solution File, Format Version 10.00
# Visual C# Express 2008
Project("{FAE04EC0-301F-11D3-BF4B-00C04F79EFBC}") = "task12", "task10\task12.csproj", "{289A39B8-3E01-40C1-A2CA-563D8AE3F708}"
EndProject
Global
	GlobalSection(SolutionConfigurationPlatforms) = preSolution
		Debug|Any CPU = Debug|Any CPU
		Release|Any CPU = Release|Any CPU
	EndGlobalSection
	GlobalSection(ProjectConfigurationPlatforms) = postSolution
		{289A39B8-3E01-40C1-A2CA-563D8AE3F708}.Debug|Any CPU.ActiveCfg = Debug|Any CPU
		{289A39B8-3E01-40C1-A2CA-563D8AE3F708}.Debug|Any CPU.Build.0 = Debug|Any CPU
		{289A39B8-3E01-40C1-A2CA-563D8AE3F708}.Release|Any CPU.ActiveCfg = Release|Any CPU
		{289A39B8-3E01-40C1-A2CA-563D8AE3F708}.Release|Any CPU.Build.0 = Release|Any CPU
	EndGlobalSection
	GlobalSection(SolutionProperties) = preSolution
		HideSolutionNode = FALSE
	EndGlobalSection
EndGlobal
