
Microsoft Visual Studio Solution File, Format Version 12.00
# Visual Studio 14
VisualStudioVersion = 14.0.25123.0
MinimumVisualStudioVersion = 10.0.40219.1
Project("{FAE04EC0-301F-11D3-BF4B-00C04F79EFBC}") = "task1", "task1\task1.csproj", "{DE4CC415-C945-4FC0-99EB-E144A466B969}"
EndProject
Project("{FAE04EC0-301F-11D3-BF4B-00C04F79EFBC}") = "task3", "task3\task3.csproj", "{622062BC-81CB-448E-B1A9-3B0547AA89DF}"
EndProject
Project("{FAE04EC0-301F-11D3-BF4B-00C04F79EFBC}") = "task4", "task4\task4.csproj", "{50BD1D6B-09E3-4769-A730-10C17B8D383B}"
EndProject
Project("{FAE04EC0-301F-11D3-BF4B-00C04F79EFBC}") = "task5", "task5\task5.csproj", "{F112D69A-E17F-4E0B-8A90-EEC5F40D2A51}"
EndProject
Project("{FAE04EC0-301F-11D3-BF4B-00C04F79EFBC}") = "task8", "task8\task8.csproj", "{9D88A70E-ED22-4DFC-A96C-767F8C12A3A7}"
EndProject
Project("{FAE04EC0-301F-11D3-BF4B-00C04F79EFBC}") = "task10", "task9\task10.csproj", "{DDEB79E4-C35B-49F5-832B-AE13B54219B4}"
EndProject
Project("{FAE04EC0-301F-11D3-BF4B-00C04F79EFBC}") = "task11", "task11\task11.csproj", "{5B118653-234C-4F0D-8BBA-B526ECD808FE}"
EndProject
Project("{FAE04EC0-301F-11D3-BF4B-00C04F79EFBC}") = "task17", "task18\task17.csproj", "{9656D341-16C6-48C0-84A6-FA7EDAD708B2}"
EndProject
Project("{FAE04EC0-301F-11D3-BF4B-00C04F79EFBC}") = "task18", "..\task18\task18.csproj", "{6B0E3E9F-0429-4C0B-B850-6F5B65676E4A}"
EndProject
Project("{FAE04EC0-301F-11D3-BF4B-00C04F79EFBC}") = "task2", "task2\task2.csproj", "{EA72140A-5D7E-472B-A3DA-47A4BEB08098}"
EndProject
Project("{FAE04EC0-301F-11D3-BF4B-00C04F79EFBC}") = "task6", "task6\task6.csproj", "{95D3C66D-2FCB-483D-8180-CF182343C414}"
EndProject
Project("{FAE04EC0-301F-11D3-BF4B-00C04F79EFBC}") = "task7", "task7\task7.csproj", "{F38B2DBC-894A-4C7B-A782-B0E792F5FA70}"
EndProject
Project("{FAE04EC0-301F-11D3-BF4B-00C04F79EFBC}") = "task9", "..\task9\task9.csproj", "{7B05182B-20E9-4895-A6BF-847411D629F7}"
EndProject
Project("{FAE04EC0-301F-11D3-BF4B-00C04F79EFBC}") = "task12", "task12\task12.csproj", "{B46C2A74-104B-4D11-9B8E-C4C0824178FF}"
EndProject
Project("{FAE04EC0-301F-11D3-BF4B-00C04F79EFBC}") = "task13", "task13\task13.csproj", "{332AE05C-CAD4-4106-9B8D-3DD376AC6B58}"
EndProject
Project("{FAE04EC0-301F-11D3-BF4B-00C04F79EFBC}") = "task14", "task14\task14.csproj", "{A4A3F357-F6DC-4365-B050-0767E78E2426}"
EndProject
Project("{FAE04EC0-301F-11D3-BF4B-00C04F79EFBC}") = "task15", "task15\task15.csproj", "{4EF2AF22-C172-47AB-A832-FC2335DF6B00}"
EndProject
Project("{FAE04EC0-301F-11D3-BF4B-00C04F79EFBC}") = "ClassLibrary1", "ClassLibrary1\ClassLibrary1.csproj", "{95C63DBE-799A-4175-BBD2-16670CA38E5F}"
EndProject
Project("{FAE04EC0-301F-11D3-BF4B-00C04F79EFBC}") = "task19", "task19\task19.csproj", "{600EE06A-46AC-4D7E-99A9-C02E768191B3}"
EndProject
Project("{FAE04EC0-301F-11D3-BF4B-00C04F79EFBC}") = "task20", "task20\task20.csproj", "{8AA5FDA1-ED45-4DD2-94D4-67A0D040E4FE}"
EndProject
Project("{FAE04EC0-301F-11D3-BF4B-00C04F79EFBC}") = "task21", "task21\task21.csproj", "{F03F61C7-8593-4FC3-9162-283D8DA64F4F}"
EndProject
Project("{FAE04EC0-301F-11D3-BF4B-00C04F79EFBC}") = "task22", "task22\task22.csproj", "{F353613C-E186-4F29-92ED-65FF4EB64B2A}"
EndProject
Project("{FAE04EC0-301F-11D3-BF4B-00C04F79EFBC}") = "task23", "task23\task23.csproj", "{8564E553-3C30-4267-90CA-D178F4CDF204}"
EndProject
Project("{FAE04EC0-301F-11D3-BF4B-00C04F79EFBC}") = "task11.Test", "task11.Test\task11.Test.csproj", "{D3781578-758F-4005-B0CD-A1CC41AF58BC}"
EndProject
Project("{FAE04EC0-301F-11D3-BF4B-00C04F79EFBC}") = "task22Test", "UnitTestProject1\task22Test.csproj", "{CC32F74A-057B-4E1D-9D18-CDE1A802ADA0}"
EndProject
Global
	GlobalSection(SolutionConfigurationPlatforms) = preSolution
		Debug|Any CPU = Debug|Any CPU
		Release|Any CPU = Release|Any CPU
	EndGlobalSection
	GlobalSection(ProjectConfigurationPlatforms) = postSolution
		{DE4CC415-C945-4FC0-99EB-E144A466B969}.Debug|Any CPU.ActiveCfg = Debug|Any CPU
		{DE4CC415-C945-4FC0-99EB-E144A466B969}.Debug|Any CPU.Build.0 = Debug|Any CPU
		{DE4CC415-C945-4FC0-99EB-E144A466B969}.Release|Any CPU.ActiveCfg = Release|Any CPU
		{DE4CC415-C945-4FC0-99EB-E144A466B969}.Release|Any CPU.Build.0 = Release|Any CPU
		{622062BC-81CB-448E-B1A9-3B0547AA89DF}.Debug|Any CPU.ActiveCfg = Debug|Any CPU
		{622062BC-81CB-448E-B1A9-3B0547AA89DF}.Debug|Any CPU.Build.0 = Debug|Any CPU
		{622062BC-81CB-448E-B1A9-3B0547AA89DF}.Release|Any CPU.ActiveCfg = Release|Any CPU
		{622062BC-81CB-448E-B1A9-3B0547AA89DF}.Release|Any CPU.Build.0 = Release|Any CPU
		{50BD1D6B-09E3-4769-A730-10C17B8D383B}.Debug|Any CPU.ActiveCfg = Debug|Any CPU
		{50BD1D6B-09E3-4769-A730-10C17B8D383B}.Debug|Any CPU.Build.0 = Debug|Any CPU
		{50BD1D6B-09E3-4769-A730-10C17B8D383B}.Release|Any CPU.ActiveCfg = Release|Any CPU
		{50BD1D6B-09E3-4769-A730-10C17B8D383B}.Release|Any CPU.Build.0 = Release|Any CPU
		{F112D69A-E17F-4E0B-8A90-EEC5F40D2A51}.Debug|Any CPU.ActiveCfg = Debug|Any CPU
		{F112D69A-E17F-4E0B-8A90-EEC5F40D2A51}.Debug|Any CPU.Build.0 = Debug|Any CPU
		{F112D69A-E17F-4E0B-8A90-EEC5F40D2A51}.Release|Any CPU.ActiveCfg = Release|Any CPU
		{F112D69A-E17F-4E0B-8A90-EEC5F40D2A51}.Release|Any CPU.Build.0 = Release|Any CPU
		{9D88A70E-ED22-4DFC-A96C-767F8C12A3A7}.Debug|Any CPU.ActiveCfg = Debug|Any CPU
		{9D88A70E-ED22-4DFC-A96C-767F8C12A3A7}.Debug|Any CPU.Build.0 = Debug|Any CPU
		{9D88A70E-ED22-4DFC-A96C-767F8C12A3A7}.Release|Any CPU.ActiveCfg = Release|Any CPU
		{9D88A70E-ED22-4DFC-A96C-767F8C12A3A7}.Release|Any CPU.Build.0 = Release|Any CPU
		{DDEB79E4-C35B-49F5-832B-AE13B54219B4}.Debug|Any CPU.ActiveCfg = Debug|Any CPU
		{DDEB79E4-C35B-49F5-832B-AE13B54219B4}.Debug|Any CPU.Build.0 = Debug|Any CPU
		{DDEB79E4-C35B-49F5-832B-AE13B54219B4}.Release|Any CPU.ActiveCfg = Release|Any CPU
		{DDEB79E4-C35B-49F5-832B-AE13B54219B4}.Release|Any CPU.Build.0 = Release|Any CPU
		{5B118653-234C-4F0D-8BBA-B526ECD808FE}.Debug|Any CPU.ActiveCfg = Debug|Any CPU
		{5B118653-234C-4F0D-8BBA-B526ECD808FE}.Debug|Any CPU.Build.0 = Debug|Any CPU
		{5B118653-234C-4F0D-8BBA-B526ECD808FE}.Release|Any CPU.ActiveCfg = Release|Any CPU
		{5B118653-234C-4F0D-8BBA-B526ECD808FE}.Release|Any CPU.Build.0 = Release|Any CPU
		{9656D341-16C6-48C0-84A6-FA7EDAD708B2}.Debug|Any CPU.ActiveCfg = Debug|Any CPU
		{9656D341-16C6-48C0-84A6-FA7EDAD708B2}.Debug|Any CPU.Build.0 = Debug|Any CPU
		{9656D341-16C6-48C0-84A6-FA7EDAD708B2}.Release|Any CPU.ActiveCfg = Release|Any CPU
		{9656D341-16C6-48C0-84A6-FA7EDAD708B2}.Release|Any CPU.Build.0 = Release|Any CPU
		{6B0E3E9F-0429-4C0B-B850-6F5B65676E4A}.Debug|Any CPU.ActiveCfg = Debug|Any CPU
		{6B0E3E9F-0429-4C0B-B850-6F5B65676E4A}.Debug|Any CPU.Build.0 = Debug|Any CPU
		{6B0E3E9F-0429-4C0B-B850-6F5B65676E4A}.Release|Any CPU.ActiveCfg = Release|Any CPU
		{6B0E3E9F-0429-4C0B-B850-6F5B65676E4A}.Release|Any CPU.Build.0 = Release|Any CPU
		{EA72140A-5D7E-472B-A3DA-47A4BEB08098}.Debug|Any CPU.ActiveCfg = Debug|Any CPU
		{EA72140A-5D7E-472B-A3DA-47A4BEB08098}.Debug|Any CPU.Build.0 = Debug|Any CPU
		{EA72140A-5D7E-472B-A3DA-47A4BEB08098}.Release|Any CPU.ActiveCfg = Release|Any CPU
		{EA72140A-5D7E-472B-A3DA-47A4BEB08098}.Release|Any CPU.Build.0 = Release|Any CPU
		{95D3C66D-2FCB-483D-8180-CF182343C414}.Debug|Any CPU.ActiveCfg = Debug|Any CPU
		{95D3C66D-2FCB-483D-8180-CF182343C414}.Debug|Any CPU.Build.0 = Debug|Any CPU
		{95D3C66D-2FCB-483D-8180-CF182343C414}.Release|Any CPU.ActiveCfg = Release|Any CPU
		{95D3C66D-2FCB-483D-8180-CF182343C414}.Release|Any CPU.Build.0 = Release|Any CPU
		{F38B2DBC-894A-4C7B-A782-B0E792F5FA70}.Debug|Any CPU.ActiveCfg = Debug|Any CPU
		{F38B2DBC-894A-4C7B-A782-B0E792F5FA70}.Debug|Any CPU.Build.0 = Debug|Any CPU
		{F38B2DBC-894A-4C7B-A782-B0E792F5FA70}.Release|Any CPU.ActiveCfg = Release|Any CPU
		{F38B2DBC-894A-4C7B-A782-B0E792F5FA70}.Release|Any CPU.Build.0 = Release|Any CPU
		{7B05182B-20E9-4895-A6BF-847411D629F7}.Debug|Any CPU.ActiveCfg = Debug|Any CPU
		{7B05182B-20E9-4895-A6BF-847411D629F7}.Debug|Any CPU.Build.0 = Debug|Any CPU
		{7B05182B-20E9-4895-A6BF-847411D629F7}.Release|Any CPU.ActiveCfg = Release|Any CPU
		{7B05182B-20E9-4895-A6BF-847411D629F7}.Release|Any CPU.Build.0 = Release|Any CPU
		{B46C2A74-104B-4D11-9B8E-C4C0824178FF}.Debug|Any CPU.ActiveCfg = Debug|Any CPU
		{B46C2A74-104B-4D11-9B8E-C4C0824178FF}.Debug|Any CPU.Build.0 = Debug|Any CPU
		{B46C2A74-104B-4D11-9B8E-C4C0824178FF}.Release|Any CPU.ActiveCfg = Release|Any CPU
		{B46C2A74-104B-4D11-9B8E-C4C0824178FF}.Release|Any CPU.Build.0 = Release|Any CPU
		{332AE05C-CAD4-4106-9B8D-3DD376AC6B58}.Debug|Any CPU.ActiveCfg = Debug|Any CPU
		{332AE05C-CAD4-4106-9B8D-3DD376AC6B58}.Debug|Any CPU.Build.0 = Debug|Any CPU
		{332AE05C-CAD4-4106-9B8D-3DD376AC6B58}.Release|Any CPU.ActiveCfg = Release|Any CPU
		{332AE05C-CAD4-4106-9B8D-3DD376AC6B58}.Release|Any CPU.Build.0 = Release|Any CPU
		{A4A3F357-F6DC-4365-B050-0767E78E2426}.Debug|Any CPU.ActiveCfg = Debug|Any CPU
		{A4A3F357-F6DC-4365-B050-0767E78E2426}.Debug|Any CPU.Build.0 = Debug|Any CPU
		{A4A3F357-F6DC-4365-B050-0767E78E2426}.Release|Any CPU.ActiveCfg = Release|Any CPU
		{A4A3F357-F6DC-4365-B050-0767E78E2426}.Release|Any CPU.Build.0 = Release|Any CPU
		{4EF2AF22-C172-47AB-A832-FC2335DF6B00}.Debug|Any CPU.ActiveCfg = Debug|Any CPU
		{4EF2AF22-C172-47AB-A832-FC2335DF6B00}.Debug|Any CPU.Build.0 = Debug|Any CPU
		{4EF2AF22-C172-47AB-A832-FC2335DF6B00}.Release|Any CPU.ActiveCfg = Release|Any CPU
		{4EF2AF22-C172-47AB-A832-FC2335DF6B00}.Release|Any CPU.Build.0 = Release|Any CPU
		{95C63DBE-799A-4175-BBD2-16670CA38E5F}.Debug|Any CPU.ActiveCfg = Debug|Any CPU
		{95C63DBE-799A-4175-BBD2-16670CA38E5F}.Debug|Any CPU.Build.0 = Debug|Any CPU
		{95C63DBE-799A-4175-BBD2-16670CA38E5F}.Release|Any CPU.ActiveCfg = Release|Any CPU
		{95C63DBE-799A-4175-BBD2-16670CA38E5F}.Release|Any CPU.Build.0 = Release|Any CPU
		{600EE06A-46AC-4D7E-99A9-C02E768191B3}.Debug|Any CPU.ActiveCfg = Debug|Any CPU
		{600EE06A-46AC-4D7E-99A9-C02E768191B3}.Debug|Any CPU.Build.0 = Debug|Any CPU
		{600EE06A-46AC-4D7E-99A9-C02E768191B3}.Release|Any CPU.ActiveCfg = Release|Any CPU
		{600EE06A-46AC-4D7E-99A9-C02E768191B3}.Release|Any CPU.Build.0 = Release|Any CPU
		{8AA5FDA1-ED45-4DD2-94D4-67A0D040E4FE}.Debug|Any CPU.ActiveCfg = Debug|Any CPU
		{8AA5FDA1-ED45-4DD2-94D4-67A0D040E4FE}.Debug|Any CPU.Build.0 = Debug|Any CPU
		{8AA5FDA1-ED45-4DD2-94D4-67A0D040E4FE}.Release|Any CPU.ActiveCfg = Release|Any CPU
		{8AA5FDA1-ED45-4DD2-94D4-67A0D040E4FE}.Release|Any CPU.Build.0 = Release|Any CPU
		{F03F61C7-8593-4FC3-9162-283D8DA64F4F}.Debug|Any CPU.ActiveCfg = Debug|Any CPU
		{F03F61C7-8593-4FC3-9162-283D8DA64F4F}.Debug|Any CPU.Build.0 = Debug|Any CPU
		{F03F61C7-8593-4FC3-9162-283D8DA64F4F}.Release|Any CPU.ActiveCfg = Release|Any CPU
		{F03F61C7-8593-4FC3-9162-283D8DA64F4F}.Release|Any CPU.Build.0 = Release|Any CPU
		{F353613C-E186-4F29-92ED-65FF4EB64B2A}.Debug|Any CPU.ActiveCfg = Debug|Any CPU
		{F353613C-E186-4F29-92ED-65FF4EB64B2A}.Debug|Any CPU.Build.0 = Debug|Any CPU
		{F353613C-E186-4F29-92ED-65FF4EB64B2A}.Release|Any CPU.ActiveCfg = Release|Any CPU
		{F353613C-E186-4F29-92ED-65FF4EB64B2A}.Release|Any CPU.Build.0 = Release|Any CPU
		{8564E553-3C30-4267-90CA-D178F4CDF204}.Debug|Any CPU.ActiveCfg = Debug|Any CPU
		{8564E553-3C30-4267-90CA-D178F4CDF204}.Debug|Any CPU.Build.0 = Debug|Any CPU
		{8564E553-3C30-4267-90CA-D178F4CDF204}.Release|Any CPU.ActiveCfg = Release|Any CPU
		{8564E553-3C30-4267-90CA-D178F4CDF204}.Release|Any CPU.Build.0 = Release|Any CPU
		{D3781578-758F-4005-B0CD-A1CC41AF58BC}.Debug|Any CPU.ActiveCfg = Debug|Any CPU
		{D3781578-758F-4005-B0CD-A1CC41AF58BC}.Debug|Any CPU.Build.0 = Debug|Any CPU
		{D3781578-758F-4005-B0CD-A1CC41AF58BC}.Release|Any CPU.ActiveCfg = Release|Any CPU
		{D3781578-758F-4005-B0CD-A1CC41AF58BC}.Release|Any CPU.Build.0 = Release|Any CPU
		{CC32F74A-057B-4E1D-9D18-CDE1A802ADA0}.Debug|Any CPU.ActiveCfg = Debug|Any CPU
		{CC32F74A-057B-4E1D-9D18-CDE1A802ADA0}.Debug|Any CPU.Build.0 = Debug|Any CPU
		{CC32F74A-057B-4E1D-9D18-CDE1A802ADA0}.Release|Any CPU.ActiveCfg = Release|Any CPU
		{CC32F74A-057B-4E1D-9D18-CDE1A802ADA0}.Release|Any CPU.Build.0 = Release|Any CPU
	EndGlobalSection
	GlobalSection(SolutionProperties) = preSolution
		HideSolutionNode = FALSE
	EndGlobalSection
EndGlobal
